
Microsoft Visual Studio Solution File, Format Version 12.00
# Visual Studio Version 17
VisualStudioVersion = 17.6.33829.357
MinimumVisualStudioVersion = 10.0.40219.1
Project("{E24C65DC-7377-472B-9ABA-BC803B73C61A}") = "serverlat", "serverlat\", "{B39698E8-8B04-4D56-A9DC-EB1001C41E10}"
	ProjectSection(WebsiteProperties) = preProject
		TargetFrameworkMoniker = ".NETFramework,Version%3Dv4.7.2"
		Debug.AspNetCompiler.VirtualPath = "/localhost_63261"
		Debug.AspNetCompiler.PhysicalPath = "serverlat\"
		Debug.AspNetCompiler.TargetPath = "PrecompiledWeb\localhost_63261\"
		Debug.AspNetCompiler.Updateable = "true"
		Debug.AspNetCompiler.ForceOverwrite = "true"
		Debug.AspNetCompiler.FixedNames = "false"
		Debug.AspNetCompiler.Debug = "True"
		Release.AspNetCompiler.VirtualPath = "/localhost_63261"
		Release.AspNetCompiler.PhysicalPath = "serverlat\"
		Release.AspNetCompiler.TargetPath = "PrecompiledWeb\localhost_63261\"
		Release.AspNetCompiler.Updateable = "true"
		Release.AspNetCompiler.ForceOverwrite = "true"
		Release.AspNetCompiler.FixedNames = "false"
		Release.AspNetCompiler.Debug = "False"
		VWDPort = "63261"
		SlnRelativePath = "serverlat\"
		DefaultWebSiteLanguage = "Visual C#"
	EndProjectSection
EndProject
Global
	GlobalSection(SolutionConfigurationPlatforms) = preSolution
		Debug|Any CPU = Debug|Any CPU
	EndGlobalSection
	GlobalSection(ProjectConfigurationPlatforms) = postSolution
		{B39698E8-8B04-4D56-A9DC-EB1001C41E10}.Debug|Any CPU.ActiveCfg = Debug|Any CPU
		{B39698E8-8B04-4D56-A9DC-EB1001C41E10}.Debug|Any CPU.Build.0 = Debug|Any CPU
	EndGlobalSection
	GlobalSection(SolutionProperties) = preSolution
		HideSolutionNode = FALSE
	EndGlobalSection
	GlobalSection(ExtensibilityGlobals) = postSolution
		SolutionGuid = {8F55FF94-6307-4A51-B245-456A28E2A089}
	EndGlobalSection
EndGlobal
